{
 "name": "@awe/common",
 "version": "0.0.1",
 "lockfileVersion": 3,
 "requires": true,
 "packages": {
  "": {
   "name": "@awe/common",
   "version": "0.0.1",
   "license": "MIT",
   "dependencies": {
    "@nestjs/common": "^10.0.0",
    "@nestjs/config": "^3.0.0",
    "@nestjs/core": "^10.0.0",
    "@nestjs/swagger": "^7.0.0",
    "@nestjs/throttler": "^6.4.0",
    "compression": "^1.7.4",
    "dotenv": "^16.0.0",
    "helmet": "^7.0.0",
    "morgan": "^1.10.0",
    "nest-winston": "^1.10.2",
    "winston": "^3.17.0"
   },
   "devDependencies": {
    "@types/compression": "^1.7.5",
    "@types/morgan": "^1.9.9",
    "@typescript-eslint/eslint-plugin": "^6.0.0",
    "@typescript-eslint/parser": "^6.0.0",
    "esbuild": "^0.25.1",
    "eslint": "^8.0.0",
    "eslint-config-prettier": "^9.0.0",
    "eslint-plugin-prettier": "^5.0.0",
    "prettier": "^3.0.0",
    "tsup": "^8.0.0",
    "typescript": "^5.0.0"
   }
  },
  "../../node_modules/.pnpm/@nestjs+common@10.4.15_reflect-metadata@0.2.2_rxjs@7.8.2/node_modules/@nestjs/common": {
   "version": "10.4.15",
   "license": "MIT",
   "dependencies": {
    "iterare": "1.2.1",
    "tslib": "2.8.1",
    "uid": "2.0.2"
   },
   "funding": {
    "type": "opencollective",
    "url": "https://opencollective.com/nest"
   },
   "peerDependencies": {
    "class-transformer": "*",
    "class-validator": "*",
    "reflect-metadata": "^0.1.12 || ^0.2.0",
    "rxjs": "^7.1.0"
   },
   "peerDependenciesMeta": {
    "class-transformer": {
     "optional": true
    },
    "class-validator": {
     "optional": true
    }
   }
  },
  "../../node_modules/.pnpm/@nestjs+config@3.3.0_@nestj_bd62900d348e7e5efc1bb1cee188e61b/node_modules/@nestjs/config": {
   "version": "3.3.0",
   "license": "MIT",
   "dependencies": {
    "dotenv": "16.4.5",
    "dotenv-expand": "10.0.0",
    "lodash": "4.17.21"
   },
   "devDependencies": {
    "@commitlint/cli": "19.5.0",
    "@commitlint/config-angular": "19.5.0",
    "@nestjs/common": "10.4.5",
    "@nestjs/core": "10.4.5",
    "@nestjs/platform-express": "10.4.5",
    "@nestjs/testing": "10.4.5",
    "@types/jest": "29.5.13",
    "@types/lodash": "4.17.12",
    "@types/node": "20.16.13",
    "@typescript-eslint/eslint-plugin": "8.10.0",
    "@typescript-eslint/parser": "8.10.0",
    "eslint": "9.13.0",
    "eslint-config-prettier": "9.1.0",
    "eslint-plugin-import": "2.31.0",
    "husky": "9.1.6",
    "jest": "29.7.0",
    "joi": "17.13.3",
    "lint-staged": "15.2.10",
    "prettier": "3.3.3",
    "reflect-metadata": "0.2.2",
    "release-it": "17.10.0",
    "rimraf": "6.0.1",
    "rxjs": "7.8.1",
    "ts-jest": "29.2.5",
    "typescript": "5.6.3"
   },
   "peerDependencies": {
    "@nestjs/common": "^8.0.0 || ^9.0.0 || ^10.0.0",
    "rxjs": "^7.1.0"
   }
  },
  "../../node_modules/.pnpm/@nestjs+core@10.4.15_@nestj_5a145c21f7f288e7d7153d4418922ee2/node_modules/@nestjs/core": {
   "version": "10.4.15",
   "hasInstallScript": true,
   "license": "MIT",
   "dependencies": {
    "@nuxtjs/opencollective": "0.3.2",
    "fast-safe-stringify": "2.1.1",
    "iterare": "1.2.1",
    "path-to-regexp": "3.3.0",
    "tslib": "2.8.1",
    "uid": "2.0.2"
   },
   "devDependencies": {
    "@nestjs/common": "10.4.15"
   },
   "funding": {
    "type": "opencollective",
    "url": "https://opencollective.com/nest"
   },
   "peerDependencies": {
    "@nestjs/common": "^10.0.0",
    "@nestjs/microservices": "^10.0.0",
    "@nestjs/platform-express": "^10.0.0",
    "@nestjs/websockets": "^10.0.0",
    "reflect-metadata": "^0.1.12 || ^0.2.0",
    "rxjs": "^7.1.0"
   },
   "peerDependenciesMeta": {
    "@nestjs/microservices": {
     "optional": true
    },
    "@nestjs/platform-express": {
     "optional": true
    },
    "@nestjs/websockets": {
     "optional": true
    }
   }
  },
  "../../node_modules/.pnpm/@nestjs+swagger@7.4.2_@nest_c55dae1ea86a3b075cbcfb8be906f2dc/node_modules/@nestjs/swagger": {
   "version": "7.4.2",
   "license": "MIT",
   "dependencies": {
    "@microsoft/tsdoc": "^0.15.0",
    "@nestjs/mapped-types": "2.0.5",
    "js-yaml": "4.1.0",
    "lodash": "4.17.21",
    "path-to-regexp": "3.3.0",
    "swagger-ui-dist": "5.17.14"
   },
   "devDependencies": {
    "@commitlint/cli": "19.5.0",
    "@commitlint/config-angular": "19.5.0",
    "@fastify/static": "7.0.4",
    "@nestjs/common": "10.4.2",
    "@nestjs/core": "10.4.2",
    "@nestjs/platform-express": "10.4.2",
    "@nestjs/platform-fastify": "10.4.2",
    "@types/jest": "29.5.13",
    "@types/js-yaml": "4.0.9",
    "@types/lodash": "4.17.7",
    "@types/node": "20.16.5",
    "@typescript-eslint/eslint-plugin": "8.6.0",
    "@typescript-eslint/parser": "8.6.0",
    "class-transformer": "0.5.1",
    "class-validator": "0.14.1",
    "eslint": "8.57.1",
    "eslint-config-prettier": "9.1.0",
    "eslint-plugin-import": "2.30.0",
    "express": "4.21.0",
    "husky": "9.1.6",
    "jest": "29.7.0",
    "lint-staged": "15.2.10",
    "openapi-types": "12.1.3",
    "prettier": "2.8.8",
    "reflect-metadata": "0.2.2",
    "release-it": "17.6.0",
    "supertest": "7.0.0",
    "swagger-parser": "10.0.3",
    "ts-jest": "29.2.5",
    "typescript": "5.1.6"
   },
   "peerDependencies": {
    "@fastify/static": "^6.0.0 || ^7.0.0",
    "@nestjs/common": "^9.0.0 || ^10.0.0",
    "@nestjs/core": "^9.0.0 || ^10.0.0",
    "class-transformer": "*",
    "class-validator": "*",
    "reflect-metadata": "^0.1.12 || ^0.2.0"
   },
   "peerDependenciesMeta": {
    "@fastify/static": {
     "optional": true
    },
    "class-transformer": {
     "optional": true
    },
    "class-validator": {
     "optional": true
    }
   }
  },
  "../../node_modules/.pnpm/@typescript-eslint+eslint-p_c22953838cc4117fd21a291cc59e38be/node_modules/@typescript-eslint/eslint-plugin": {
   "version": "6.21.0",
   "dev": true,
   "license": "MIT",
   "dependencies": {
    "@eslint-community/regexpp": "^4.5.1",
    "@typescript-eslint/scope-manager": "6.21.0",
    "@typescript-eslint/type-utils": "6.21.0",
    "@typescript-eslint/utils": "6.21.0",
    "@typescript-eslint/visitor-keys": "6.21.0",
    "debug": "^4.3.4",
    "graphemer": "^1.4.0",
    "ignore": "^5.2.4",
    "natural-compare": "^1.4.0",
    "semver": "^7.5.4",
    "ts-api-utils": "^1.0.1"
   },
   "devDependencies": {
    "@prettier/sync": "*",
    "@types/debug": "*",
    "@types/marked": "*",
    "@types/natural-compare": "*",
    "@typescript-eslint/rule-schema-to-typescript-types": "6.21.0",
    "@typescript-eslint/rule-tester": "6.21.0",
    "ajv": "^6.12.6",
    "chalk": "^5.3.0",
    "cross-fetch": "*",
    "grapheme-splitter": "^1.0.4",
    "jest": "29.7.0",
    "jest-specific-snapshot": "^8.0.0",
    "json-schema": "*",
    "markdown-table": "^3.0.3",
    "marked": "^5.1.1",
    "prettier": "^3.0.3",
    "rimraf": "*",
    "title-case": "^3.0.3",
    "tsx": "*",
    "typescript": "*"
   },
   "engines": {
    "node": "^16.0.0 || >=18.0.0"
   },
   "funding": {
    "type": "opencollective",
    "url": "https://opencollective.com/typescript-eslint"
   },
   "peerDependencies": {
    "@typescript-eslint/parser": "^6.0.0 || ^6.0.0-alpha",
    "eslint": "^7.0.0 || ^8.0.0"
   },
   "peerDependenciesMeta": {
    "typescript": {
     "optional": true
    }
   }
  },
  "../../node_modules/.pnpm/@typescript-eslint+parser@6_0a457988701a60eeac4c8fb5f8cb6a7d/node_modules/@typescript-eslint/parser": {
   "version": "6.21.0",
   "dev": true,
   "license": "BSD-2-Clause",
   "dependencies": {
    "@typescript-eslint/scope-manager": "6.21.0",
    "@typescript-eslint/types": "6.21.0",
    "@typescript-eslint/typescript-estree": "6.21.0",
    "@typescript-eslint/visitor-keys": "6.21.0",
    "debug": "^4.3.4"
   },
   "devDependencies": {
    "@types/glob": "*",
    "downlevel-dts": "*",
    "glob": "*",
    "jest": "29.7.0",
    "prettier": "^3.0.3",
    "rimraf": "*",
    "typescript": "*"
   },
   "engines": {
    "node": "^16.0.0 || >=18.0.0"
   },
   "funding": {
    "type": "opencollective",
    "url": "https://opencollective.com/typescript-eslint"
   },
   "peerDependencies": {
    "eslint": "^7.0.0 || ^8.0.0"
   },
   "peerDependenciesMeta": {
    "typescript": {
     "optional": true
    }
   }
  },
  "../../node_modules/.pnpm/compression@1.8.0/node_modules/compression": {
   "version": "1.8.0",
   "license": "MIT",
   "dependencies": {
    "bytes": "3.1.2",
    "compressible": "~2.0.18",
    "debug": "2.6.9",
    "negotiator": "~0.6.4",
    "on-headers": "~1.0.2",
    "safe-buffer": "5.2.1",
    "vary": "~1.1.2"
   },
   "devDependencies": {
    "after": "0.8.2",
    "eslint": "7.32.0",
    "eslint-config-standard": "14.1.1",
    "eslint-plugin-import": "2.26.0",
    "eslint-plugin-markdown": "2.2.1",
    "eslint-plugin-node": "11.1.0",
    "eslint-plugin-promise": "5.2.0",
    "eslint-plugin-standard": "4.1.0",
    "mocha": "9.2.2",
    "nyc": "15.1.0",
    "supertest": "6.2.3"
   },
   "engines": {
    "node": ">= 0.8.0"
   }
  },
  "../../node_modules/.pnpm/dotenv@16.4.7/node_modules/dotenv": {
   "version": "16.4.7",
   "license": "BSD-2-Clause",
   "devDependencies": {
    "@types/node": "^18.11.3",
    "decache": "^4.6.2",
    "sinon": "^14.0.1",
    "standard": "^17.0.0",
    "standard-version": "^9.5.0",
    "tap": "^19.2.0",
    "typescript": "^4.8.4"
   },
   "engines": {
    "node": ">=12"
   },
   "funding": {
    "url": "https://dotenvx.com"
   }
  },
  "../../node_modules/.pnpm/eslint-config-prettier@9.1.0_eslint@8.57.1/node_modules/eslint-config-prettier": {
   "version": "9.1.0",
   "dev": true,
   "license": "MIT",
   "bin": {
    "eslint-config-prettier": "bin/cli.js"
   },
   "peerDependencies": {
    "eslint": ">=7.0.0"
   }
  },
  "../../node_modules/.pnpm/eslint-plugin-prettier@5.2._cb10af679b1d0a6a7195cd8703a2ec1e/node_modules/eslint-plugin-prettier": {
   "version": "5.2.5",
   "dev": true,
   "license": "MIT",
   "dependencies": {
    "prettier-linter-helpers": "^1.0.0",
    "synckit": "^0.10.2"
   },
   "engines": {
    "node": "^14.18.0 || >=16.0.0"
   },
   "funding": {
    "url": "https://opencollective.com/eslint-plugin-prettier"
   },
   "peerDependencies": {
    "@types/eslint": ">=8.0.0",
    "eslint": ">=8.0.0",
    "eslint-config-prettier": ">= 7.0.0 <10.0.0 || >=10.1.0",
    "prettier": ">=3.0.0"
   },
   "peerDependenciesMeta": {
    "@types/eslint": {
     "optional": true
    },
    "eslint-config-prettier": {
     "optional": true
    }
   }
  },
  "../../node_modules/.pnpm/eslint@8.57.1/node_modules/eslint": {
   "version": "8.57.1",
   "dev": true,
   "license": "MIT",
   "dependencies": {
    "@eslint-community/eslint-utils": "^4.2.0",
    "@eslint-community/regexpp": "^4.6.1",
    "@eslint/eslintrc": "^2.1.4",
    "@eslint/js": "8.57.1",
    "@humanwhocodes/config-array": "^0.13.0",
    "@humanwhocodes/module-importer": "^1.0.1",
    "@nodelib/fs.walk": "^1.2.8",
    "@ungap/structured-clone": "^1.2.0",
    "ajv": "^6.12.4",
    "chalk": "^4.0.0",
    "cross-spawn": "^7.0.2",
    "debug": "^4.3.2",
    "doctrine": "^3.0.0",
    "escape-string-regexp": "^4.0.0",
    "eslint-scope": "^7.2.2",
    "eslint-visitor-keys": "^3.4.3",
    "espree": "^9.6.1",
    "esquery": "^1.4.2",
    "esutils": "^2.0.2",
    "fast-deep-equal": "^3.1.3",
    "file-entry-cache": "^6.0.1",
    "find-up": "^5.0.0",
    "glob-parent": "^6.0.2",
    "globals": "^13.19.0",
    "graphemer": "^1.4.0",
    "ignore": "^5.2.0",
    "imurmurhash": "^0.1.4",
    "is-glob": "^4.0.0",
    "is-path-inside": "^3.0.3",
    "js-yaml": "^4.1.0",
    "json-stable-stringify-without-jsonify": "^1.0.1",
    "levn": "^0.4.1",
    "lodash.merge": "^4.6.2",
    "minimatch": "^3.1.2",
    "natural-compare": "^1.4.0",
    "optionator": "^0.9.3",
    "strip-ansi": "^6.0.1",
    "text-table": "^0.2.0"
   },
   "bin": {
    "eslint": "bin/eslint.js"
   },
   "devDependencies": {
    "@babel/core": "^7.4.3",
    "@babel/preset-env": "^7.4.3",
    "@sinonjs/fake-timers": "11.2.2",
    "@wdio/browser-runner": "^8.14.6",
    "@wdio/cli": "^8.14.6",
    "@wdio/concise-reporter": "^8.14.0",
    "@wdio/globals": "^8.14.6",
    "@wdio/mocha-framework": "^8.14.0",
    "babel-loader": "^8.0.5",
    "c8": "^7.12.0",
    "chai": "^4.0.1",
    "cheerio": "^0.22.0",
    "common-tags": "^1.8.0",
    "core-js": "^3.1.3",
    "ejs": "^3.0.2",
    "eslint": "file:.",
    "eslint-config-eslint": "file:packages/eslint-config-eslint",
    "eslint-plugin-eslint-comments": "^3.2.0",
    "eslint-plugin-eslint-plugin": "^5.2.1",
    "eslint-plugin-internal-rules": "file:tools/internal-rules",
    "eslint-plugin-jsdoc": "^46.2.5",
    "eslint-plugin-n": "^16.6.0",
    "eslint-plugin-unicorn": "^49.0.0",
    "eslint-release": "^3.3.0",
    "eslump": "^3.0.0",
    "esprima": "^4.0.1",
    "fast-glob": "^3.2.11",
    "fs-teardown": "^0.1.3",
    "glob": "^7.1.6",
    "got": "^11.8.3",
    "gray-matter": "^4.0.3",
    "lint-staged": "^11.0.0",
    "load-perf": "^0.2.0",
    "markdown-it": "^12.2.0",
    "markdown-it-container": "^3.0.0",
    "markdownlint": "^0.32.0",
    "markdownlint-cli": "^0.37.0",
    "marked": "^4.0.8",
    "memfs": "^3.0.1",
    "metascraper": "^5.25.7",
    "metascraper-description": "^5.25.7",
    "metascraper-image": "^5.29.3",
    "metascraper-logo": "^5.25.7",
    "metascraper-logo-favicon": "^5.25.7",
    "metascraper-title": "^5.25.7",
    "mocha": "^8.3.2",
    "mocha-junit-reporter": "^2.0.0",
    "node-polyfill-webpack-plugin": "^1.0.3",
    "npm-license": "^0.3.3",
    "pirates": "^4.0.5",
    "progress": "^2.0.3",
    "proxyquire": "^2.0.1",
    "recast": "^0.23.0",
    "regenerator-runtime": "^0.14.0",
    "rollup-plugin-node-polyfills": "^0.2.1",
    "semver": "^7.5.3",
    "shelljs": "^0.8.2",
    "sinon": "^11.0.0",
    "vite-plugin-commonjs": "0.10.1",
    "webdriverio": "^8.14.6",
    "webpack": "^5.23.0",
    "webpack-cli": "^4.5.0",
    "yorkie": "^2.0.0"
   },
   "engines": {
    "node": "^12.22.0 || ^14.17.0 || >=16.0.0"
   },
   "funding": {
    "url": "https://opencollective.com/eslint"
   }
  },
  "../../node_modules/.pnpm/helmet@7.2.0/node_modules/helmet": {
   "version": "7.2.0",
   "license": "MIT",
   "engines": {
    "node": ">=16.0.0"
   }
  },
  "../../node_modules/.pnpm/morgan@1.10.0/node_modules/morgan": {
   "version": "1.10.0",
   "license": "MIT",
   "dependencies": {
    "basic-auth": "~2.0.1",
    "debug": "2.6.9",
    "depd": "~2.0.0",
    "on-finished": "~2.3.0",
    "on-headers": "~1.0.2"
   },
   "devDependencies": {
    "eslint": "6.8.0",
    "eslint-config-standard": "14.1.0",
    "eslint-plugin-import": "2.20.1",
    "eslint-plugin-markdown": "1.0.2",
    "eslint-plugin-node": "9.2.0",
    "eslint-plugin-promise": "4.2.1",
    "eslint-plugin-standard": "4.0.1",
    "mocha": "7.1.1",
    "nyc": "15.0.0",
    "split": "1.0.1",
    "supertest": "4.0.2"
   },
   "engines": {
    "node": ">= 0.8.0"
   }
  },
  "../../node_modules/.pnpm/prettier@3.5.3/node_modules/prettier": {
   "version": "3.5.3",
   "dev": true,
   "license": "MIT",
   "bin": {
    "prettier": "bin/prettier.cjs"
   },
   "engines": {
    "node": ">=14"
   },
   "funding": {
    "url": "https://github.com/prettier/prettier?sponsor=1"
   }
  },
  "../../node_modules/.pnpm/tsup@8.4.0_@swc+core@1.11.13_typescript@5.8.2/node_modules/tsup": {
   "version": "8.4.0",
   "dev": true,
   "license": "MIT",
   "dependencies": {
    "bundle-require": "^5.1.0",
    "cac": "^6.7.14",
    "chokidar": "^4.0.3",
    "consola": "^3.4.0",
    "debug": "^4.4.0",
    "esbuild": "^0.25.0",
    "joycon": "^3.1.1",
    "picocolors": "^1.1.1",
    "postcss-load-config": "^6.0.1",
    "resolve-from": "^5.0.0",
    "rollup": "^4.34.8",
    "source-map": "0.8.0-beta.0",
    "sucrase": "^3.35.0",
    "tinyexec": "^0.3.2",
    "tinyglobby": "^0.2.11",
    "tree-kill": "^1.2.2"
   },
   "bin": {
    "tsup": "dist/cli-default.js",
    "tsup-node": "dist/cli-node.js"
   },
   "devDependencies": {
    "@microsoft/api-extractor": "^7.50.0",
    "@rollup/plugin-json": "6.1.0",
    "@swc/core": "1.10.18",
    "@types/debug": "4.1.12",
    "@types/node": "22.13.4",
    "@types/resolve": "1.20.6",
    "bumpp": "^10.0.3",
    "flat": "6.0.1",
    "postcss": "8.5.2",
    "postcss-simple-vars": "7.0.1",
    "prettier": "3.5.1",
    "resolve": "1.22.10",
    "rollup-plugin-dts": "6.1.1",
    "sass": "1.85.0",
    "strip-json-comments": "5.0.1",
    "svelte": "5.19.9",
    "svelte-preprocess": "6.0.3",
    "terser": "^5.39.0",
    "ts-essentials": "10.0.4",
    "tsup": "8.3.6",
    "typescript": "5.7.3",
    "vitest": "3.0.6",
    "wait-for-expect": "3.0.2"
   },
   "engines": {
    "node": ">=18"
   },
   "peerDependencies": {
    "@microsoft/api-extractor": "^7.36.0",
    "@swc/core": "^1",
    "postcss": "^8.4.12",
    "typescript": ">=4.5.0"
   },
   "peerDependenciesMeta": {
    "@microsoft/api-extractor": {
     "optional": true
    },
    "@swc/core": {
     "optional": true
    },
    "postcss": {
     "optional": true
    },
    "typescript": {
     "optional": true
    }
   }
  },
  "../../node_modules/.pnpm/typescript@5.8.2/node_modules/typescript": {
   "version": "5.8.2",
   "dev": true,
   "license": "Apache-2.0",
   "bin": {
    "tsc": "bin/tsc",
    "tsserver": "bin/tsserver"
   },
   "devDependencies": {
    "@dprint/formatter": "^0.4.1",
    "@dprint/typescript": "0.93.3",
    "@esfx/canceltoken": "^1.0.0",
    "@eslint/js": "^9.17.0",
    "@octokit/rest": "^21.0.2",
    "@types/chai": "^4.3.20",
    "@types/diff": "^5.2.3",
    "@types/minimist": "^1.2.5",
    "@types/mocha": "^10.0.10",
    "@types/ms": "^0.7.34",
    "@types/node": "latest",
    "@types/source-map-support": "^0.5.10",
    "@types/which": "^3.0.4",
    "@typescript-eslint/rule-tester": "^8.18.1",
    "@typescript-eslint/type-utils": "^8.18.1",
    "@typescript-eslint/utils": "^8.18.1",
    "azure-devops-node-api": "^14.1.0",
    "c8": "^10.1.3",
    "chai": "^4.5.0",
    "chalk": "^4.1.2",
    "chokidar": "^3.6.0",
    "diff": "^5.2.0",
    "dprint": "^0.47.6",
    "esbuild": "^0.24.0",
    "eslint": "^9.17.0",
    "eslint-formatter-autolinkable-stylish": "^1.4.0",
    "eslint-plugin-regexp": "^2.7.0",
    "fast-xml-parser": "^4.5.1",
    "glob": "^10.4.5",
    "globals": "^15.13.0",
    "hereby": "^1.10.0",
    "jsonc-parser": "^3.3.1",
    "knip": "^5.41.0",
    "minimist": "^1.2.8",
    "mocha": "^10.8.2",
    "mocha-fivemat-progress-reporter": "^0.1.0",
    "monocart-coverage-reports": "^2.11.4",
    "ms": "^2.1.3",
    "playwright": "^1.49.1",
    "source-map-support": "^0.5.21",
    "tslib": "^2.8.1",
    "typescript": "^5.7.2",
    "typescript-eslint": "^8.18.1",
    "which": "^3.0.1"
   },
   "engines": {
    "node": ">=14.17"
   }
  },
  "node_modules/@colors/colors": {
   "version": "1.6.0",
   "resolved": "https://registry.npmjs.org/@colors/colors/-/colors-1.6.0.tgz",
   "integrity": "sha512-Ir+AOibqzrIsL6ajt3Rz3LskB7OiMVHqltZmspbW/TJuTVuyOMirVqAkjfY6JISiLHgyNqicAC8AyHHGzNd/dA==",
   "license": "MIT",
   "engines": {
    "node": ">=0.1.90"
   }
  },
  "node_modules/@dabh/diagnostics": {
   "version": "2.0.3",
   "resolved": "https://registry.npmjs.org/@dabh/diagnostics/-/diagnostics-2.0.3.tgz",
   "integrity": "sha512-hrlQOIi7hAfzsMqlGSFyVucrx38O+j6wiGOf//H2ecvIEqYN4ADBSS2iLMh5UFyDunCNniUIPk/q3riFv45xRA==",
   "license": "MIT",
   "dependencies": {
    "colorspace": "1.1.x",
    "enabled": "2.0.x",
    "kuler": "^2.0.0"
   }
  },
  "node_modules/@esbuild/aix-ppc64": {
   "version": "0.25.1",
   "resolved": "https://registry.npmjs.org/@esbuild/aix-ppc64/-/aix-ppc64-0.25.1.tgz",
   "integrity": "sha512-kfYGy8IdzTGy+z0vFGvExZtxkFlA4zAxgKEahG9KE1ScBjpQnFsNOX8KTU5ojNru5ed5CVoJYXFtoxaq5nFbjQ==",
   "cpu": [
    "ppc64"
   ],
   "dev": true,
   "license": "MIT",
   "optional": true,
   "os": [
    "aix"
   ],
   "engines": {
    "node": ">=18"
   }
  },
  "node_modules/@esbuild/android-arm": {
   "version": "0.25.1",
   "resolved": "https://registry.npmjs.org/@esbuild/android-arm/-/android-arm-0.25.1.tgz",
   "integrity": "sha512-dp+MshLYux6j/JjdqVLnMglQlFu+MuVeNrmT5nk6q07wNhCdSnB7QZj+7G8VMUGh1q+vj2Bq8kRsuyA00I/k+Q==",
   "cpu": [
    "arm"
   ],
   "dev": true,
   "license": "MIT",
   "optional": true,
   "os": [
    "android"
   ],
   "engines": {
    "node": ">=18"
   }
  },
  "node_modules/@esbuild/android-arm64": {
   "version": "0.25.1",
   "resolved": "https://registry.npmjs.org/@esbuild/android-arm64/-/android-arm64-0.25.1.tgz",
   "integrity": "sha512-50tM0zCJW5kGqgG7fQ7IHvQOcAn9TKiVRuQ/lN0xR+T2lzEFvAi1ZcS8DiksFcEpf1t/GYOeOfCAgDHFpkiSmA==",
   "cpu": [
    "arm64"
   ],
   "dev": true,
   "license": "MIT",
   "optional": true,
   "os": [
    "android"
   ],
   "engines": {
    "node": ">=18"
   }
  },
  "node_modules/@esbuild/android-x64": {
   "version": "0.25.1",
   "resolved": "https://registry.npmjs.org/@esbuild/android-x64/-/android-x64-0.25.1.tgz",
   "integrity": "sha512-GCj6WfUtNldqUzYkN/ITtlhwQqGWu9S45vUXs7EIYf+7rCiiqH9bCloatO9VhxsL0Pji+PF4Lz2XXCES+Q8hDw==",
   "cpu": [
    "x64"
   ],
   "dev": true,
   "license": "MIT",
   "optional": true,
   "os": [
    "android"
   ],
   "engines": {
    "node": ">=18"
   }
  },
  "node_modules/@esbuild/darwin-arm64": {
   "version": "0.25.1",
   "resolved": "https://registry.npmjs.org/@esbuild/darwin-arm64/-/darwin-arm64-0.25.1.tgz",
   "integrity": "sha512-5hEZKPf+nQjYoSr/elb62U19/l1mZDdqidGfmFutVUjjUZrOazAtwK+Kr+3y0C/oeJfLlxo9fXb1w7L+P7E4FQ==",
   "cpu": [
    "arm64"
   ],
   "dev": true,
   "license": "MIT",
   "optional": true,
   "os": [
    "darwin"
   ],
   "engines": {
    "node": ">=18"
   }
  },
  "node_modules/@esbuild/darwin-x64": {
   "version": "0.25.1",
   "resolved": "https://registry.npmjs.org/@esbuild/darwin-x64/-/darwin-x64-0.25.1.tgz",
   "integrity": "sha512-hxVnwL2Dqs3fM1IWq8Iezh0cX7ZGdVhbTfnOy5uURtao5OIVCEyj9xIzemDi7sRvKsuSdtCAhMKarxqtlyVyfA==",
   "cpu": [
    "x64"
   ],
   "dev": true,
   "license": "MIT",
   "optional": true,
   "os": [
    "darwin"
   ],
   "engines": {
    "node": ">=18"
   }
  },
  "node_modules/@esbuild/freebsd-arm64": {
   "version": "0.25.1",
   "resolved": "https://registry.npmjs.org/@esbuild/freebsd-arm64/-/freebsd-arm64-0.25.1.tgz",
   "integrity": "sha512-1MrCZs0fZa2g8E+FUo2ipw6jw5qqQiH+tERoS5fAfKnRx6NXH31tXBKI3VpmLijLH6yriMZsxJtaXUyFt/8Y4A==",
   "cpu": [
    "arm64"
   ],
   "dev": true,
   "license": "MIT",
   "optional": true,
   "os": [
    "freebsd"
   ],
   "engines": {
    "node": ">=18"
   }
  },
  "node_modules/@esbuild/freebsd-x64": {
   "version": "0.25.1",
   "resolved": "https://registry.npmjs.org/@esbuild/freebsd-x64/-/freebsd-x64-0.25.1.tgz",
   "integrity": "sha512-0IZWLiTyz7nm0xuIs0q1Y3QWJC52R8aSXxe40VUxm6BB1RNmkODtW6LHvWRrGiICulcX7ZvyH6h5fqdLu4gkww==",
   "cpu": [
    "x64"
   ],
   "dev": true,
   "license": "MIT",
   "optional": true,
   "os": [
    "freebsd"
   ],
   "engines": {
    "node": ">=18"
   }
  },
  "node_modules/@esbuild/linux-arm": {
   "version": "0.25.1",
   "resolved": "https://registry.npmjs.org/@esbuild/linux-arm/-/linux-arm-0.25.1.tgz",
   "integrity": "sha512-NdKOhS4u7JhDKw9G3cY6sWqFcnLITn6SqivVArbzIaf3cemShqfLGHYMx8Xlm/lBit3/5d7kXvriTUGa5YViuQ==",
   "cpu": [
    "arm"
   ],
   "dev": true,
   "license": "MIT",
   "optional": true,
   "os": [
    "linux"
   ],
   "engines": {
    "node": ">=18"
   }
  },
  "node_modules/@esbuild/linux-arm64": {
   "version": "0.25.1",
   "resolved": "https://registry.npmjs.org/@esbuild/linux-arm64/-/linux-arm64-0.25.1.tgz",
   "integrity": "sha512-jaN3dHi0/DDPelk0nLcXRm1q7DNJpjXy7yWaWvbfkPvI+7XNSc/lDOnCLN7gzsyzgu6qSAmgSvP9oXAhP973uQ==",
   "cpu": [
    "arm64"
   ],
   "dev": true,
   "license": "MIT",
   "optional": true,
   "os": [
    "linux"
   ],
   "engines": {
    "node": ">=18"
   }
  },
  "node_modules/@esbuild/linux-ia32": {
   "version": "0.25.1",
   "resolved": "https://registry.npmjs.org/@esbuild/linux-ia32/-/linux-ia32-0.25.1.tgz",
   "integrity": "sha512-OJykPaF4v8JidKNGz8c/q1lBO44sQNUQtq1KktJXdBLn1hPod5rE/Hko5ugKKZd+D2+o1a9MFGUEIUwO2YfgkQ==",
   "cpu": [
    "ia32"
   ],
   "dev": true,
   "license": "MIT",
   "optional": true,
   "os": [
    "linux"
   ],
   "engines": {
    "node": ">=18"
   }
  },
  "node_modules/@esbuild/linux-loong64": {
   "version": "0.25.1",
   "resolved": "https://registry.npmjs.org/@esbuild/linux-loong64/-/linux-loong64-0.25.1.tgz",
   "integrity": "sha512-nGfornQj4dzcq5Vp835oM/o21UMlXzn79KobKlcs3Wz9smwiifknLy4xDCLUU0BWp7b/houtdrgUz7nOGnfIYg==",
   "cpu": [
    "loong64"
   ],
   "dev": true,
   "license": "MIT",
   "optional": true,
   "os": [
    "linux"
   ],
   "engines": {
    "node": ">=18"
   }
  },
  "node_modules/@esbuild/linux-mips64el": {
   "version": "0.25.1",
   "resolved": "https://registry.npmjs.org/@esbuild/linux-mips64el/-/linux-mips64el-0.25.1.tgz",
   "integrity": "sha512-1osBbPEFYwIE5IVB/0g2X6i1qInZa1aIoj1TdL4AaAb55xIIgbg8Doq6a5BzYWgr+tEcDzYH67XVnTmUzL+nXg==",
   "cpu": [
    "mips64el"
   ],
   "dev": true,
   "license": "MIT",
   "optional": true,
   "os": [
    "linux"
   ],
   "engines": {
    "node": ">=18"
   }
  },
  "node_modules/@esbuild/linux-ppc64": {
   "version": "0.25.1",
   "resolved": "https://registry.npmjs.org/@esbuild/linux-ppc64/-/linux-ppc64-0.25.1.tgz",
   "integrity": "sha512-/6VBJOwUf3TdTvJZ82qF3tbLuWsscd7/1w+D9LH0W/SqUgM5/JJD0lrJ1fVIfZsqB6RFmLCe0Xz3fmZc3WtyVg==",
   "cpu": [
    "ppc64"
   ],
   "dev": true,
   "license": "MIT",
   "optional": true,
   "os": [
    "linux"
   ],
   "engines": {
    "node": ">=18"
   }
  },
  "node_modules/@esbuild/linux-riscv64": {
   "version": "0.25.1",
   "resolved": "https://registry.npmjs.org/@esbuild/linux-riscv64/-/linux-riscv64-0.25.1.tgz",
   "integrity": "sha512-nSut/Mx5gnilhcq2yIMLMe3Wl4FK5wx/o0QuuCLMtmJn+WeWYoEGDN1ipcN72g1WHsnIbxGXd4i/MF0gTcuAjQ==",
   "cpu": [
    "riscv64"
   ],
   "dev": true,
   "license": "MIT",
   "optional": true,
   "os": [
    "linux"
   ],
   "engines": {
    "node": ">=18"
   }
  },
  "node_modules/@esbuild/linux-s390x": {
   "version": "0.25.1",
   "resolved": "https://registry.npmjs.org/@esbuild/linux-s390x/-/linux-s390x-0.25.1.tgz",
   "integrity": "sha512-cEECeLlJNfT8kZHqLarDBQso9a27o2Zd2AQ8USAEoGtejOrCYHNtKP8XQhMDJMtthdF4GBmjR2au3x1udADQQQ==",
   "cpu": [
    "s390x"
   ],
   "dev": true,
   "license": "MIT",
   "optional": true,
   "os": [
    "linux"
   ],
   "engines": {
    "node": ">=18"
   }
  },
  "node_modules/@esbuild/linux-x64": {
   "version": "0.25.1",
   "resolved": "https://registry.npmjs.org/@esbuild/linux-x64/-/linux-x64-0.25.1.tgz",
   "integrity": "sha512-xbfUhu/gnvSEg+EGovRc+kjBAkrvtk38RlerAzQxvMzlB4fXpCFCeUAYzJvrnhFtdeyVCDANSjJvOvGYoeKzFA==",
   "cpu": [
    "x64"
   ],
   "dev": true,
   "license": "MIT",
   "optional": true,
   "os": [
    "linux"
   ],
   "engines": {
    "node": ">=18"
   }
  },
  "node_modules/@esbuild/netbsd-arm64": {
   "version": "0.25.1",
   "resolved": "https://registry.npmjs.org/@esbuild/netbsd-arm64/-/netbsd-arm64-0.25.1.tgz",
   "integrity": "sha512-O96poM2XGhLtpTh+s4+nP7YCCAfb4tJNRVZHfIE7dgmax+yMP2WgMd2OecBuaATHKTHsLWHQeuaxMRnCsH8+5g==",
   "cpu": [
    "arm64"
   ],
   "dev": true,
   "license": "MIT",
   "optional": true,
   "os": [
    "netbsd"
   ],
   "engines": {
    "node": ">=18"
   }
  },
  "node_modules/@esbuild/netbsd-x64": {
   "version": "0.25.1",
   "resolved": "https://registry.npmjs.org/@esbuild/netbsd-x64/-/netbsd-x64-0.25.1.tgz",
   "integrity": "sha512-X53z6uXip6KFXBQ+Krbx25XHV/NCbzryM6ehOAeAil7X7oa4XIq+394PWGnwaSQ2WRA0KI6PUO6hTO5zeF5ijA==",
   "cpu": [
    "x64"
   ],
   "dev": true,
   "license": "MIT",
   "optional": true,
   "os": [
    "netbsd"
   ],
   "engines": {
    "node": ">=18"
   }
  },
  "node_modules/@esbuild/openbsd-arm64": {
   "version": "0.25.1",
   "resolved": "https://registry.npmjs.org/@esbuild/openbsd-arm64/-/openbsd-arm64-0.25.1.tgz",
   "integrity": "sha512-Na9T3szbXezdzM/Kfs3GcRQNjHzM6GzFBeU1/6IV/npKP5ORtp9zbQjvkDJ47s6BCgaAZnnnu/cY1x342+MvZg==",
   "cpu": [
    "arm64"
   ],
   "dev": true,
   "license": "MIT",
   "optional": true,
   "os": [
    "openbsd"
   ],
   "engines": {
    "node": ">=18"
   }
  },
  "node_modules/@esbuild/openbsd-x64": {
   "version": "0.25.1",
   "resolved": "https://registry.npmjs.org/@esbuild/openbsd-x64/-/openbsd-x64-0.25.1.tgz",
   "integrity": "sha512-T3H78X2h1tszfRSf+txbt5aOp/e7TAz3ptVKu9Oyir3IAOFPGV6O9c2naym5TOriy1l0nNf6a4X5UXRZSGX/dw==",
   "cpu": [
    "x64"
   ],
   "dev": true,
   "license": "MIT",
   "optional": true,
   "os": [
    "openbsd"
   ],
   "engines": {
    "node": ">=18"
   }
  },
  "node_modules/@esbuild/sunos-x64": {
   "version": "0.25.1",
   "resolved": "https://registry.npmjs.org/@esbuild/sunos-x64/-/sunos-x64-0.25.1.tgz",
   "integrity": "sha512-2H3RUvcmULO7dIE5EWJH8eubZAI4xw54H1ilJnRNZdeo8dTADEZ21w6J22XBkXqGJbe0+wnNJtw3UXRoLJnFEg==",
   "cpu": [
    "x64"
   ],
   "dev": true,
   "license": "MIT",
   "optional": true,
   "os": [
    "sunos"
   ],
   "engines": {
    "node": ">=18"
   }
  },
  "node_modules/@esbuild/win32-arm64": {
   "version": "0.25.1",
   "resolved": "https://registry.npmjs.org/@esbuild/win32-arm64/-/win32-arm64-0.25.1.tgz",
   "integrity": "sha512-GE7XvrdOzrb+yVKB9KsRMq+7a2U/K5Cf/8grVFRAGJmfADr/e/ODQ134RK2/eeHqYV5eQRFxb1hY7Nr15fv1NQ==",
   "cpu": [
    "arm64"
   ],
   "dev": true,
   "license": "MIT",
   "optional": true,
   "os": [
    "win32"
   ],
   "engines": {
    "node": ">=18"
   }
  },
  "node_modules/@esbuild/win32-ia32": {
   "version": "0.25.1",
   "resolved": "https://registry.npmjs.org/@esbuild/win32-ia32/-/win32-ia32-0.25.1.tgz",
   "integrity": "sha512-uOxSJCIcavSiT6UnBhBzE8wy3n0hOkJsBOzy7HDAuTDE++1DJMRRVCPGisULScHL+a/ZwdXPpXD3IyFKjA7K8A==",
   "cpu": [
    "ia32"
   ],
   "dev": true,
   "license": "MIT",
   "optional": true,
   "os": [
    "win32"
   ],
   "engines": {
    "node": ">=18"
   }
  },
  "node_modules/@esbuild/win32-x64": {
   "version": "0.25.1",
   "resolved": "https://registry.npmjs.org/@esbuild/win32-x64/-/win32-x64-0.25.1.tgz",
   "integrity": "sha512-Y1EQdcfwMSeQN/ujR5VayLOJ1BHaK+ssyk0AEzPjC+t1lITgsnccPqFjb6V+LsTp/9Iov4ysfjxLaGJ9RPtkVg==",
   "cpu": [
    "x64"
   ],
   "dev": true,
   "license": "MIT",
   "optional": true,
   "os": [
    "win32"
   ],
   "engines": {
    "node": ">=18"
   }
  },
  "node_modules/@nestjs/common": {
   "resolved": "../../node_modules/.pnpm/@nestjs+common@10.4.15_reflect-metadata@0.2.2_rxjs@7.8.2/node_modules/@nestjs/common",
   "link": true
  },
  "node_modules/@nestjs/config": {
   "resolved": "../../node_modules/.pnpm/@nestjs+config@3.3.0_@nestj_bd62900d348e7e5efc1bb1cee188e61b/node_modules/@nestjs/config",
   "link": true
  },
  "node_modules/@nestjs/core": {
   "resolved": "../../node_modules/.pnpm/@nestjs+core@10.4.15_@nestj_5a145c21f7f288e7d7153d4418922ee2/node_modules/@nestjs/core",
   "link": true
  },
  "node_modules/@nestjs/swagger": {
   "resolved": "../../node_modules/.pnpm/@nestjs+swagger@7.4.2_@nest_c55dae1ea86a3b075cbcfb8be906f2dc/node_modules/@nestjs/swagger",
   "link": true
  },
  "node_modules/@nestjs/throttler": {
   "version": "6.4.0",
   "resolved": "https://registry.npmjs.org/@nestjs/throttler/-/throttler-6.4.0.tgz",
   "integrity": "sha512-osL67i0PUuwU5nqSuJjtUJZMkxAnYB4VldgYUMGzvYRJDCqGRFMWbsbzm/CkUtPLRL30I8T74Xgt/OQxnYokiA==",
   "license": "MIT",
   "peerDependencies": {
    "@nestjs/common": "^7.0.0 || ^8.0.0 || ^9.0.0 || ^10.0.0 || ^11.0.0",
    "@nestjs/core": "^7.0.0 || ^8.0.0 || ^9.0.0 || ^10.0.0 || ^11.0.0",
    "reflect-metadata": "^0.1.13 || ^0.2.0"
   }
  },
  "node_modules/@types/body-parser": {
   "version": "1.19.5",
   "dev": true,
   "license": "MIT",
   "dependencies": {
    "@types/connect": "*",
    "@types/node": "*"
   }
  },
  "node_modules/@types/compression": {
   "version": "1.7.5",
   "resolved": "https://registry.npmjs.org/@types/compression/-/compression-1.7.5.tgz",
   "integrity": "sha512-AAQvK5pxMpaT+nDvhHrsBhLSYG5yQdtkaJE1WYieSNY2mVFKAgmU4ks65rkZD5oqnGCFLyQpUr1CqI4DmUMyDg==",
   "dev": true,
   "license": "MIT",
   "dependencies": {
    "@types/express": "*"
   }
  },
  "node_modules/@types/connect": {
   "version": "3.4.38",
   "dev": true,
   "license": "MIT",
   "dependencies": {
    "@types/node": "*"
   }
  },
  "node_modules/@types/express": {
   "version": "5.0.1",
   "dev": true,
   "license": "MIT",
   "dependencies": {
    "@types/body-parser": "*",
    "@types/express-serve-static-core": "^5.0.0",
    "@types/serve-static": "*"
   }
  },
  "node_modules/@types/express-serve-static-core": {
   "version": "5.0.6",
   "dev": true,
   "license": "MIT",
   "dependencies": {
    "@types/node": "*",
    "@types/qs": "*",
    "@types/range-parser": "*",
    "@types/send": "*"
   }
  },
  "node_modules/@types/http-errors": {
   "version": "2.0.4",
   "dev": true,
   "license": "MIT"
  },
  "node_modules/@types/mime": {
   "version": "1.3.5",
   "dev": true,
   "license": "MIT"
  },
  "node_modules/@types/morgan": {
   "version": "1.9.9",
   "resolved": "https://registry.npmjs.org/@types/morgan/-/morgan-1.9.9.tgz",
   "integrity": "sha512-iRYSDKVaC6FkGSpEVVIvrRGw0DfJMiQzIn3qr2G5B3C//AWkulhXgaBd7tS9/J79GWSYMTHGs7PfI5b3Y8m+RQ==",
   "dev": true,
   "license": "MIT",
   "dependencies": {
    "@types/node": "*"
   }
  },
  "node_modules/@types/node": {
   "version": "22.13.13",
   "dev": true,
   "license": "MIT",
   "dependencies": {
    "undici-types": "~6.20.0"
   }
  },
  "node_modules/@types/qs": {
   "version": "6.9.18",
   "dev": true,
   "license": "MIT"
  },
  "node_modules/@types/range-parser": {
   "version": "1.2.7",
   "dev": true,
   "license": "MIT"
  },
  "node_modules/@types/send": {
   "version": "0.17.4",
   "dev": true,
   "license": "MIT",
   "dependencies": {
    "@types/mime": "^1",
    "@types/node": "*"
   }
  },
  "node_modules/@types/serve-static": {
   "version": "1.15.7",
   "dev": true,
   "license": "MIT",
   "dependencies": {
    "@types/http-errors": "*",
    "@types/node": "*",
    "@types/send": "*"
   }
  },
  "node_modules/@types/triple-beam": {
   "version": "1.3.5",
   "resolved": "https://registry.npmjs.org/@types/triple-beam/-/triple-beam-1.3.5.tgz",
   "integrity": "sha512-6WaYesThRMCl19iryMYP7/x2OVgCtbIVflDGFpWnb9irXI3UjYE4AzmYuiUKY1AJstGijoY+MgUszMgRxIYTYw==",
   "license": "MIT"
  },
  "node_modules/@typescript-eslint/eslint-plugin": {
   "resolved": "../../node_modules/.pnpm/@typescript-eslint+eslint-p_c22953838cc4117fd21a291cc59e38be/node_modules/@typescript-eslint/eslint-plugin",
   "link": true
  },
  "node_modules/@typescript-eslint/parser": {
   "resolved": "../../node_modules/.pnpm/@typescript-eslint+parser@6_0a457988701a60eeac4c8fb5f8cb6a7d/node_modules/@typescript-eslint/parser",
   "link": true
  },
  "node_modules/async": {
   "version": "3.2.6",
   "resolved": "https://registry.npmjs.org/async/-/async-3.2.6.tgz",
   "integrity": "sha512-htCUDlxyyCLMgaM3xXg0C0LW2xqfuQ6p05pCEIsXuyQ+a1koYKTuBMzRNwmybfLgvJDMd0r1LTn4+E0Ti6C2AA==",
   "license": "MIT"
  },
  "node_modules/color": {
   "version": "3.2.1",
   "resolved": "https://registry.npmjs.org/color/-/color-3.2.1.tgz",
   "integrity": "sha512-aBl7dZI9ENN6fUGC7mWpMTPNHmWUSNan9tuWN6ahh5ZLNk9baLJOnSMlrQkHcrfFgz2/RigjUVAjdx36VcemKA==",
   "license": "MIT",
   "dependencies": {
    "color-convert": "^1.9.3",
    "color-string": "^1.6.0"
   }
  },
  "node_modules/color-convert": {
   "version": "1.9.3",
   "resolved": "https://registry.npmjs.org/color-convert/-/color-convert-1.9.3.tgz",
   "integrity": "sha512-QfAUtd+vFdAtFQcC8CCyYt1fYWxSqAiK2cSD6zDB8N3cpsEBAvRxp9zOGg6G/SHHJYAT88/az/IuDGALsNVbGg==",
   "license": "MIT",
   "dependencies": {
    "color-name": "1.1.3"
   }
  },
  "node_modules/color-name": {
   "version": "1.1.3",
   "resolved": "https://registry.npmjs.org/color-name/-/color-name-1.1.3.tgz",
   "integrity": "sha512-72fSenhMw2HZMTVHeCA9KCmpEIbzWiQsjN+BHcBbS9vr1mtt+vJjPdksIBNUmKAW8TFUDPJK5SUU3QhE9NEXDw==",
   "license": "MIT"
  },
  "node_modules/color-string": {
   "version": "1.9.1",
   "resolved": "https://registry.npmjs.org/color-string/-/color-string-1.9.1.tgz",
   "integrity": "sha512-shrVawQFojnZv6xM40anx4CkoDP+fZsw/ZerEMsW/pyzsRbElpsL/DBVW7q3ExxwusdNXI3lXpuhEZkzs8p5Eg==",
   "license": "MIT",
   "dependencies": {
    "color-name": "^1.0.0",
    "simple-swizzle": "^0.2.2"
   }
  },
  "node_modules/colorspace": {
   "version": "1.1.4",
   "resolved": "https://registry.npmjs.org/colorspace/-/colorspace-1.1.4.tgz",
   "integrity": "sha512-BgvKJiuVu1igBUF2kEjRCZXol6wiiGbY5ipL/oVPwm0BL9sIpMIzM8IK7vwuxIIzOXMV3Ey5w+vxhm0rR/TN8w==",
   "license": "MIT",
   "dependencies": {
    "color": "^3.1.3",
    "text-hex": "1.0.x"
   }
  },
  "node_modules/compression": {
   "resolved": "../../node_modules/.pnpm/compression@1.8.0/node_modules/compression",
   "link": true
  },
  "node_modules/dotenv": {
   "resolved": "../../node_modules/.pnpm/dotenv@16.4.7/node_modules/dotenv",
   "link": true
  },
  "node_modules/enabled": {
   "version": "2.0.0",
   "resolved": "https://registry.npmjs.org/enabled/-/enabled-2.0.0.tgz",
   "integrity": "sha512-AKrN98kuwOzMIdAizXGI86UFBoo26CL21UM763y1h/GMSJ4/OHU9k2YlsmBpyScFo/wbLzWQJBMCW4+IO3/+OQ==",
   "license": "MIT"
  },
  "node_modules/esbuild": {
   "version": "0.25.1",
   "resolved": "https://registry.npmjs.org/esbuild/-/esbuild-0.25.1.tgz",
   "integrity": "sha512-BGO5LtrGC7vxnqucAe/rmvKdJllfGaYWdyABvyMoXQlfYMb2bbRuReWR5tEGE//4LcNJj9XrkovTqNYRFZHAMQ==",
   "dev": true,
   "hasInstallScript": true,
   "license": "MIT",
   "bin": {
    "esbuild": "bin/esbuild"
   },
   "engines": {
    "node": ">=18"
   },
   "optionalDependencies": {
    "@esbuild/aix-ppc64": "0.25.1",
    "@esbuild/android-arm": "0.25.1",
    "@esbuild/android-arm64": "0.25.1",
    "@esbuild/android-x64": "0.25.1",
    "@esbuild/darwin-arm64": "0.25.1",
    "@esbuild/darwin-x64": "0.25.1",
    "@esbuild/freebsd-arm64": "0.25.1",
    "@esbuild/freebsd-x64": "0.25.1",
    "@esbuild/linux-arm": "0.25.1",
    "@esbuild/linux-arm64": "0.25.1",
    "@esbuild/linux-ia32": "0.25.1",
    "@esbuild/linux-loong64": "0.25.1",
    "@esbuild/linux-mips64el": "0.25.1",
    "@esbuild/linux-ppc64": "0.25.1",
    "@esbuild/linux-riscv64": "0.25.1",
    "@esbuild/linux-s390x": "0.25.1",
    "@esbuild/linux-x64": "0.25.1",
    "@esbuild/netbsd-arm64": "0.25.1",
    "@esbuild/netbsd-x64": "0.25.1",
    "@esbuild/openbsd-arm64": "0.25.1",
    "@esbuild/openbsd-x64": "0.25.1",
    "@esbuild/sunos-x64": "0.25.1",
    "@esbuild/win32-arm64": "0.25.1",
    "@esbuild/win32-ia32": "0.25.1",
    "@esbuild/win32-x64": "0.25.1"
   }
  },
  "node_modules/eslint": {
   "resolved": "../../node_modules/.pnpm/eslint@8.57.1/node_modules/eslint",
   "link": true
  },
  "node_modules/eslint-config-prettier": {
   "resolved": "../../node_modules/.pnpm/eslint-config-prettier@9.1.0_eslint@8.57.1/node_modules/eslint-config-prettier",
   "link": true
  },
  "node_modules/eslint-plugin-prettier": {
   "resolved": "../../node_modules/.pnpm/eslint-plugin-prettier@5.2._cb10af679b1d0a6a7195cd8703a2ec1e/node_modules/eslint-plugin-prettier",
   "link": true
  },
  "node_modules/fast-safe-stringify": {
   "version": "2.1.1",
   "resolved": "https://registry.npmjs.org/fast-safe-stringify/-/fast-safe-stringify-2.1.1.tgz",
   "integrity": "sha512-W+KJc2dmILlPplD/H4K9l9LcAHAfPtP6BY84uVLXQ6Evcz9Lcg33Y2z1IVblT6xdY54PXYVHEv+0Wpq8Io6zkA==",
   "license": "MIT"
  },
  "node_modules/fecha": {
   "version": "4.2.3",
   "resolved": "https://registry.npmjs.org/fecha/-/fecha-4.2.3.tgz",
   "integrity": "sha512-OP2IUU6HeYKJi3i0z4A19kHMQoLVs4Hc+DPqqxI2h/DPZHTm/vjsfC6P0b4jCMy14XizLBqvndQ+UilD7707Jw==",
   "license": "MIT"
  },
  "node_modules/fn.name": {
   "version": "1.1.0",
   "resolved": "https://registry.npmjs.org/fn.name/-/fn.name-1.1.0.tgz",
   "integrity": "sha512-GRnmB5gPyJpAhTQdSZTSp9uaPSvl09KoYcMQtsB9rQoOmzs9dH6ffeccH+Z+cv6P68Hu5bC6JjRh4Ah/mHSNRw==",
   "license": "MIT"
  },
  "node_modules/helmet": {
   "resolved": "../../node_modules/.pnpm/helmet@7.2.0/node_modules/helmet",
   "link": true
  },
  "node_modules/inherits": {
   "version": "2.0.4",
   "resolved": "https://registry.npmjs.org/inherits/-/inherits-2.0.4.tgz",
   "integrity": "sha512-k/vGaX4/Yla3WzyMCvTQOXYeIHvqOKtnqBduzTHpzpQZzAskKMhZ2K+EnBiSM9zGSoIFeMpXKxa4dYeZIQqewQ==",
   "license": "ISC"
  },
  "node_modules/is-arrayish": {
   "version": "0.3.2",
   "resolved": "https://registry.npmjs.org/is-arrayish/-/is-arrayish-0.3.2.tgz",
   "integrity": "sha512-eVRqCvVlZbuw3GrM63ovNSNAeA1K16kaR/LRY/92w0zxQ5/1YzwblUX652i4Xs9RwAGjW9d9y6X88t8OaAJfWQ==",
   "license": "MIT"
  },
  "node_modules/is-stream": {
   "version": "2.0.1",
   "resolved": "https://registry.npmjs.org/is-stream/-/is-stream-2.0.1.tgz",
   "integrity": "sha512-hFoiJiTl63nn+kstHGBtewWSKnQLpyb155KHheA1l39uvtO9nWIop1p3udqPcUd/xbF1VLMO4n7OI6p7RbngDg==",
   "license": "MIT",
   "engines": {
    "node": ">=8"
   },
   "funding": {
    "url": "https://github.com/sponsors/sindresorhus"
   }
  },
  "node_modules/kuler": {
   "version": "2.0.0",
   "resolved": "https://registry.npmjs.org/kuler/-/kuler-2.0.0.tgz",
   "integrity": "sha512-Xq9nH7KlWZmXAtodXDDRE7vs6DU1gTU8zYDHDiWLSip45Egwq3plLHzPn27NgvzL2r1LMPC1vdqh98sQxtqj4A==",
   "license": "MIT"
  },
  "node_modules/logform": {
   "version": "2.7.0",
   "resolved": "https://registry.npmjs.org/logform/-/logform-2.7.0.tgz",
   "integrity": "sha512-TFYA4jnP7PVbmlBIfhlSe+WKxs9dklXMTEGcBCIvLhE/Tn3H6Gk1norupVW7m5Cnd4bLcr08AytbyV/xj7f/kQ==",
   "license": "MIT",
   "dependencies": {
    "@colors/colors": "1.6.0",
    "@types/triple-beam": "^1.3.2",
    "fecha": "^4.2.0",
    "ms": "^2.1.1",
    "safe-stable-stringify": "^2.3.1",
    "triple-beam": "^1.3.0"
   },
   "engines": {
    "node": ">= 12.0.0"
   }
  },
  "node_modules/morgan": {
   "resolved": "../../node_modules/.pnpm/morgan@1.10.0/node_modules/morgan",
   "link": true
  },
  "node_modules/ms": {
   "version": "2.1.3",
   "resolved": "https://registry.npmjs.org/ms/-/ms-2.1.3.tgz",
   "integrity": "sha512-6FlzubTLZG3J2a/NVCAleEhjzq5oxgHyaCU9yYXvcLsvoVaHJq/s5xXI6/XXP6tz7R9xAOtHnSO/tXtF3WRTlA==",
   "license": "MIT"
  },
  "node_modules/nest-winston": {
   "version": "1.10.2",
   "resolved": "https://registry.npmjs.org/nest-winston/-/nest-winston-1.10.2.tgz",
   "integrity": "sha512-Z9IzL/nekBOF/TEwBHUJDiDPMaXUcFquUQOFavIRet6xF0EbuWnOzslyN/ksgzG+fITNgXhMdrL/POp9SdaFxA==",
   "license": "MIT",
   "dependencies": {
    "fast-safe-stringify": "^2.1.1"
   },
   "peerDependencies": {
    "@nestjs/common": "^5.0.0 || ^6.6.0 || ^7.0.0 || ^8.0.0 || ^9.0.0 || ^10.0.0 || ^11.0.0",
    "winston": "^3.0.0"
   }
  },
  "node_modules/one-time": {
   "version": "1.0.0",
   "resolved": "https://registry.npmjs.org/one-time/-/one-time-1.0.0.tgz",
   "integrity": "sha512-5DXOiRKwuSEcQ/l0kGCF6Q3jcADFv5tSmRaJck/OqkVFcOzutB134KRSfF0xDrL39MNnqxbHBbUUcjZIhTgb2g==",
   "license": "MIT",
   "dependencies": {
    "fn.name": "1.x.x"
   }
  },
  "node_modules/prettier": {
   "resolved": "../../node_modules/.pnpm/prettier@3.5.3/node_modules/prettier",
   "link": true
  },
  "node_modules/readable-stream": {
   "version": "3.6.2",
   "resolved": "https://registry.npmjs.org/readable-stream/-/readable-stream-3.6.2.tgz",
   "integrity": "sha512-9u/sniCrY3D5WdsERHzHE4G2YCXqoG5FTHUiCC4SIbr6XcLZBY05ya9EKjYek9O5xOAwjGq+1JdGBAS7Q9ScoA==",
   "license": "MIT",
   "dependencies": {
    "inherits": "^2.0.3",
    "string_decoder": "^1.1.1",
    "util-deprecate": "^1.0.1"
   },
   "engines": {
    "node": ">= 6"
   }
  },
  "node_modules/reflect-metadata": {
   "version": "0.2.2",
   "resolved": "https://registry.npmjs.org/reflect-metadata/-/reflect-metadata-0.2.2.tgz",
   "integrity": "sha512-urBwgfrvVP/eAyXx4hluJivBKzuEbSQs9rKWCrCkbSxNv8mxPcUZKeuoF3Uy4mJl3Lwprp6yy5/39VWigZ4K6Q==",
   "license": "Apache-2.0",
   "peer": true
  },
  "node_modules/safe-buffer": {
   "version": "5.2.1",
   "resolved": "https://registry.npmjs.org/safe-buffer/-/safe-buffer-5.2.1.tgz",
   "integrity": "sha512-rp3So07KcdmmKbGvgaNxQSJr7bGVSVk5S9Eq1F+ppbRo70+YeaDxkw5Dd8NPN+GD6bjnYm2VuPuCXmpuYvmCXQ==",
   "funding": [
    {
     "type": "github",
     "url": "https://github.com/sponsors/feross"
    },
    {
     "type": "patreon",
     "url": "https://www.patreon.com/feross"
    },
    {
     "type": "consulting",
     "url": "https://feross.org/support"
    }
   ],
   "license": "MIT"
  },
  "node_modules/safe-stable-stringify": {
   "version": "2.5.0",
   "resolved": "https://registry.npmjs.org/safe-stable-stringify/-/safe-stable-stringify-2.5.0.tgz",
   "integrity": "sha512-b3rppTKm9T+PsVCBEOUR46GWI7fdOs00VKZ1+9c1EWDaDMvjQc6tUwuFyIprgGgTcWoVHSKrU8H31ZHA2e0RHA==",
   "license": "MIT",
   "engines": {
    "node": ">=10"
   }
  },
  "node_modules/simple-swizzle": {
   "version": "0.2.2",
   "resolved": "https://registry.npmjs.org/simple-swizzle/-/simple-swizzle-0.2.2.tgz",
   "integrity": "sha512-JA//kQgZtbuY83m+xT+tXJkmJncGMTFT+C+g2h2R9uxkYIrE2yy9sgmcLhCnw57/WSD+Eh3J97FPEDFnbXnDUg==",
   "license": "MIT",
   "dependencies": {
    "is-arrayish": "^0.3.1"
   }
  },
  "node_modules/stack-trace": {
   "version": "0.0.10",
   "resolved": "https://registry.npmjs.org/stack-trace/-/stack-trace-0.0.10.tgz",
   "integrity": "sha512-KGzahc7puUKkzyMt+IqAep+TVNbKP+k2Lmwhub39m1AsTSkaDutx56aDCo+HLDzf/D26BIHTJWNiTG1KAJiQCg==",
   "license": "MIT",
   "engines": {
    "node": "*"
   }
  },
  "node_modules/string_decoder": {
   "version": "1.3.0",
   "resolved": "https://registry.npmjs.org/string_decoder/-/string_decoder-1.3.0.tgz",
   "integrity": "sha512-hkRX8U1WjJFd8LsDJ2yQ/wWWxaopEsABU1XfkM8A+j0+85JAGppt16cr1Whg6KIbb4okU6Mql6BOj+uup/wKeA==",
   "license": "MIT",
   "dependencies": {
    "safe-buffer": "~5.2.0"
   }
  },
  "node_modules/text-hex": {
   "version": "1.0.0",
   "resolved": "https://registry.npmjs.org/text-hex/-/text-hex-1.0.0.tgz",
   "integrity": "sha512-uuVGNWzgJ4yhRaNSiubPY7OjISw4sw4E5Uv0wbjp+OzcbmVU/rsT8ujgcXJhn9ypzsgr5vlzpPqP+MBBKcGvbg==",
   "license": "MIT"
  },
  "node_modules/triple-beam": {
   "version": "1.4.1",
   "resolved": "https://registry.npmjs.org/triple-beam/-/triple-beam-1.4.1.tgz",
   "integrity": "sha512-aZbgViZrg1QNcG+LULa7nhZpJTZSLm/mXnHXnbAbjmN5aSa0y7V+wvv6+4WaBtpISJzThKy+PIPxc1Nq1EJ9mg==",
   "license": "MIT",
   "engines": {
    "node": ">= 14.0.0"
   }
  },
  "node_modules/tsup": {
   "resolved": "../../node_modules/.pnpm/tsup@8.4.0_@swc+core@1.11.13_typescript@5.8.2/node_modules/tsup",
   "link": true
  },
  "node_modules/typescript": {
   "resolved": "../../node_modules/.pnpm/typescript@5.8.2/node_modules/typescript",
   "link": true
  },
  "node_modules/undici-types": {
   "version": "6.20.0",
   "dev": true,
   "license": "MIT"
  },
  "node_modules/util-deprecate": {
   "version": "1.0.2",
   "resolved": "https://registry.npmjs.org/util-deprecate/-/util-deprecate-1.0.2.tgz",
   "integrity": "sha512-EPD5q1uXyFxJpCrLnCc1nHnq3gOa6DZBocAIiI2TaSCA7VCJ1UJDMagCzIkXNsUYfD1daK//LTEQ8xiIbrHtcw==",
   "license": "MIT"
  },
  "node_modules/winston": {
   "version": "3.17.0",
   "resolved": "https://registry.npmjs.org/winston/-/winston-3.17.0.tgz",
   "integrity": "sha512-DLiFIXYC5fMPxaRg832S6F5mJYvePtmO5G9v9IgUFPhXm9/GkXarH/TUrBAVzhTCzAj9anE/+GjrgXp/54nOgw==",
   "license": "MIT",
   "dependencies": {
    "@colors/colors": "^1.6.0",
    "@dabh/diagnostics": "^2.0.2",
    "async": "^3.2.3",
    "is-stream": "^2.0.0",
    "logform": "^2.7.0",
    "one-time": "^1.0.0",
    "readable-stream": "^3.4.0",
    "safe-stable-stringify": "^2.3.1",
    "stack-trace": "0.0.x",
    "triple-beam": "^1.3.0",
    "winston-transport": "^4.9.0"
   },
   "engines": {
    "node": ">= 12.0.0"
   }
  },
  "node_modules/winston-transport": {
   "version": "4.9.0",
   "resolved": "https://registry.npmjs.org/winston-transport/-/winston-transport-4.9.0.tgz",
   "integrity": "sha512-8drMJ4rkgaPo1Me4zD/3WLfI/zPdA9o2IipKODunnGDcuqbHwjsbB79ylv04LCGGzU0xQ6vTznOMpQGaLhhm6A==",
   "license": "MIT",
   "dependencies": {
    "logform": "^2.7.0",
    "readable-stream": "^3.6.2",
    "triple-beam": "^1.3.0"
   },
   "engines": {
    "node": ">= 12.0.0"
   }
  }
 }
}
